
Microsoft Visual Studio Solution File, Format Version 12.00
# Visual Studio Version 17
VisualStudioVersion = 17.11.35312.102
MinimumVisualStudioVersion = 10.0.40219.1
Project("{FAE04EC0-301F-11D3-BF4B-00C04F79EFBC}") = "product", "product\product.csproj", "{FF8FCF85-2D81-4C00-A031-AF8C68E8507C}"
EndProject
Global
	GlobalSection(SolutionConfigurationPlatforms) = preSolution
		Debug|Any CPU = Debug|Any CPU
		Release|Any CPU = Release|Any CPU
	EndGlobalSection
	GlobalSection(ProjectConfigurationPlatforms) = postSolution
		{FF8FCF85-2D81-4C00-A031-AF8C68E8507C}.Debug|Any CPU.ActiveCfg = Debug|Any CPU
		{FF8FCF85-2D81-4C00-A031-AF8C68E8507C}.Debug|Any CPU.Build.0 = Debug|Any CPU
		{FF8FCF85-2D81-4C00-A031-AF8C68E8507C}.Release|Any CPU.ActiveCfg = Release|Any CPU
		{FF8FCF85-2D81-4C00-A031-AF8C68E8507C}.Release|Any CPU.Build.0 = Release|Any CPU
	EndGlobalSection
	GlobalSection(SolutionProperties) = preSolution
		HideSolutionNode = FALSE
	EndGlobalSection
	GlobalSection(ExtensibilityGlobals) = postSolution
		SolutionGuid = {0EB53E27-9D86-44A8-ABBF-208D883F1F8A}
	EndGlobalSection
EndGlobal
